// !$*UTF8*$!
{
	archiveVersion = 1;
	classes = {
	};
	objectVersion = 77;
	objects = {

/* Begin PBXBuildFile section */
		CC131AB12CF253A400BB53BC /* NSCacheBootcamp.swift in Sources */ = {isa = PBXBuildFile; fileRef = CC131AB02CF253A400BB53BC /* NSCacheBootcamp.swift */; };
		CC1A43912CECDC9300A71680 /* ThreadsBootcamp.swift in Sources */ = {isa = PBXBuildFile; fileRef = CC1A43902CECDC9300A71680 /* ThreadsBootcamp.swift */; };
		CC1FF2182CE5311100F5AF60 /* ScrollViewReaderBootcamp.swift in Sources */ = {isa = PBXBuildFile; fileRef = CC1FF2172CE5311000F5AF60 /* ScrollViewReaderBootcamp.swift */; };
		CC1FF21A2CE5366D00F5AF60 /* GeometryReaderBootcamp.swift in Sources */ = {isa = PBXBuildFile; fileRef = CC1FF2192CE5366D00F5AF60 /* GeometryReaderBootcamp.swift */; };
		CC256CBF2CEE75B1006D129F /* NetworkBootcamp.swift in Sources */ = {isa = PBXBuildFile; fileRef = CC256CBE2CEE75B1006D129F /* NetworkBootcamp.swift */; };
		CC36B4372CE9FB2700A0C1FD /* HashableBootcamp.swift in Sources */ = {isa = PBXBuildFile; fileRef = CC36B4362CE9FB2700A0C1FD /* HashableBootcamp.swift */; };
		CC4A9BDB2CF336A500169089 /* AlignmentGuideBootcamp.swift in Sources */ = {isa = PBXBuildFile; fileRef = CC4A9BDA2CF336A500169089 /* AlignmentGuideBootcamp.swift */; };
		CC4A9BDD2CF33D1F00169089 /* VisualEffectBootcamp.swift in Sources */ = {isa = PBXBuildFile; fileRef = CC4A9BDC2CF33D1F00169089 /* VisualEffectBootcamp.swift */; };
		CC4A9BDF2CF3422600169089 /* ScrollViewPagingBootcamp.swift in Sources */ = {isa = PBXBuildFile; fileRef = CC4A9BDE2CF3422600169089 /* ScrollViewPagingBootcamp.swift */; };
		CC529CCF2CE3A292007236DA /* SwiftUIIntermediateApp.swift in Sources */ = {isa = PBXBuildFile; fileRef = CC529CCC2CE3A292007236DA /* SwiftUIIntermediateApp.swift */; };
		CC529CD02CE3A292007236DA /* Preview Assets.xcassets in Resources */ = {isa = PBXBuildFile; fileRef = CC529CC72CE3A292007236DA /* Preview Assets.xcassets */; };
		CC529CD12CE3A292007236DA /* Assets.xcassets in Resources */ = {isa = PBXBuildFile; fileRef = CC529CC92CE3A292007236DA /* Assets.xcassets */; };
		CC529CD42CE3A315007236DA /* LongPressGestureBootcamp.swift in Sources */ = {isa = PBXBuildFile; fileRef = CC529CD32CE3A315007236DA /* LongPressGestureBootcamp.swift */; };
		CC529CD62CE3ACD4007236DA /* MagnificationGestureBootcamp.swift in Sources */ = {isa = PBXBuildFile; fileRef = CC529CD52CE3ACD4007236DA /* MagnificationGestureBootcamp.swift */; };
		CC529CD82CE3AEE5007236DA /* RotationGestureBootcamp.swift in Sources */ = {isa = PBXBuildFile; fileRef = CC529CD72CE3AEE5007236DA /* RotationGestureBootcamp.swift */; };
		CC529CDA2CE3B35E007236DA /* DragGestureBootcamp.swift in Sources */ = {isa = PBXBuildFile; fileRef = CC529CD92CE3B35E007236DA /* DragGestureBootcamp.swift */; };
		CC5697A62CEA223D003F5727 /* CoreDataBootcamp.swift in Sources */ = {isa = PBXBuildFile; fileRef = CC5697A52CEA223D003F5727 /* CoreDataBootcamp.swift */; };
		CC5697AA2CEA23F6003F5727 /* ItemsContainer.xcdatamodeld in Sources */ = {isa = PBXBuildFile; fileRef = CC5697A82CEA23F6003F5727 /* ItemsContainer.xcdatamodeld */; };
		CC7E12392CEDEB900036696B /* EscapingBootcamp.swift in Sources */ = {isa = PBXBuildFile; fileRef = CC7E12382CEDEB900036696B /* EscapingBootcamp.swift */; };
		CC7E123B2CEDF35C0036696B /* CodableBootcamp.swift in Sources */ = {isa = PBXBuildFile; fileRef = CC7E123A2CEDF35C0036696B /* CodableBootcamp.swift */; };
		CC9C0DAC2CEFAB8900556F12 /* FileManagerBootcamp.swift in Sources */ = {isa = PBXBuildFile; fileRef = CC9C0DAB2CEFAB8900556F12 /* FileManagerBootcamp.swift */; };
		CCA13A922CE66A1D0036F95A /* MultipleSheetsBootcamp.swift in Sources */ = {isa = PBXBuildFile; fileRef = CCA13A912CE66A1D0036F95A /* MultipleSheetsBootcamp.swift */; };
		CCA13A942CE66D520036F95A /* MaskBootcamp.swift in Sources */ = {isa = PBXBuildFile; fileRef = CCA13A932CE66D520036F95A /* MaskBootcamp.swift */; };
		CCA13A962CE6784A0036F95A /* SoundsBootcamp.swift in Sources */ = {isa = PBXBuildFile; fileRef = CCA13A952CE6784A0036F95A /* SoundsBootcamp.swift */; };
		CCA13A992CE67C880036F95A /* sound.mp3 in Resources */ = {isa = PBXBuildFile; fileRef = CCA13A982CE67C880036F95A /* sound.mp3 */; };
		CCA9760E2CEBD6A200F6D98A /* RelationshipsBootcamp.swift in Sources */ = {isa = PBXBuildFile; fileRef = CCA9760D2CEBD6A200F6D98A /* RelationshipsBootcamp.swift */; };
		CCA976112CEBD6F000F6D98A /* TeamsContainer.xcdatamodeld in Sources */ = {isa = PBXBuildFile; fileRef = CCA9760F2CEBD6F000F6D98A /* TeamsContainer.xcdatamodeld */; };
		CCB0F7FC2CE8EF4E000538D7 /* HapticsBootcamp.swift in Sources */ = {isa = PBXBuildFile; fileRef = CCB0F7FB2CE8EF4E000538D7 /* HapticsBootcamp.swift */; };
		CCB0F7FE2CE9100D000538D7 /* LocalNotificationBootcamp.swift in Sources */ = {isa = PBXBuildFile; fileRef = CCB0F7FD2CE9100D000538D7 /* LocalNotificationBootcamp.swift */; };
		CCEC53722CEF3BBB004BCD41 /* TimerBootcamp.swift in Sources */ = {isa = PBXBuildFile; fileRef = CCEC53712CEF3BBB004BCD41 /* TimerBootcamp.swift */; };
		CCEC53742CEF4376004BCD41 /* CombineBootcamp.swift in Sources */ = {isa = PBXBuildFile; fileRef = CCEC53732CEF4376004BCD41 /* CombineBootcamp.swift */; };
/* End PBXBuildFile section */

/* Begin PBXFileReference section */
		CC131AB02CF253A400BB53BC /* NSCacheBootcamp.swift */ = {isa = PBXFileReference; lastKnownFileType = sourcecode.swift; path = NSCacheBootcamp.swift; sourceTree = "<group>"; };
		CC1A43902CECDC9300A71680 /* ThreadsBootcamp.swift */ = {isa = PBXFileReference; lastKnownFileType = sourcecode.swift; path = ThreadsBootcamp.swift; sourceTree = "<group>"; };
		CC1FF2172CE5311000F5AF60 /* ScrollViewReaderBootcamp.swift */ = {isa = PBXFileReference; lastKnownFileType = sourcecode.swift; path = ScrollViewReaderBootcamp.swift; sourceTree = "<group>"; };
		CC1FF2192CE5366D00F5AF60 /* GeometryReaderBootcamp.swift */ = {isa = PBXFileReference; lastKnownFileType = sourcecode.swift; path = GeometryReaderBootcamp.swift; sourceTree = "<group>"; };
		CC256CBE2CEE75B1006D129F /* NetworkBootcamp.swift */ = {isa = PBXFileReference; lastKnownFileType = sourcecode.swift; path = NetworkBootcamp.swift; sourceTree = "<group>"; };
		CC36B4362CE9FB2700A0C1FD /* HashableBootcamp.swift */ = {isa = PBXFileReference; lastKnownFileType = sourcecode.swift; path = HashableBootcamp.swift; sourceTree = "<group>"; };
		CC4A9BDA2CF336A500169089 /* AlignmentGuideBootcamp.swift */ = {isa = PBXFileReference; lastKnownFileType = sourcecode.swift; path = AlignmentGuideBootcamp.swift; sourceTree = "<group>"; };
		CC4A9BDC2CF33D1F00169089 /* VisualEffectBootcamp.swift */ = {isa = PBXFileReference; lastKnownFileType = sourcecode.swift; path = VisualEffectBootcamp.swift; sourceTree = "<group>"; };
		CC4A9BDE2CF3422600169089 /* ScrollViewPagingBootcamp.swift */ = {isa = PBXFileReference; lastKnownFileType = sourcecode.swift; path = ScrollViewPagingBootcamp.swift; sourceTree = "<group>"; };
		CC529CB52CE3A272007236DA /* SwiftUIIntermediate.app */ = {isa = PBXFileReference; explicitFileType = wrapper.application; includeInIndex = 0; path = SwiftUIIntermediate.app; sourceTree = BUILT_PRODUCTS_DIR; };
		CC529CC72CE3A292007236DA /* Preview Assets.xcassets */ = {isa = PBXFileReference; lastKnownFileType = folder.assetcatalog; path = "Preview Assets.xcassets"; sourceTree = "<group>"; };
		CC529CC92CE3A292007236DA /* Assets.xcassets */ = {isa = PBXFileReference; lastKnownFileType = folder.assetcatalog; path = Assets.xcassets; sourceTree = "<group>"; };
		CC529CCB2CE3A292007236DA /* SwiftUIIntermediate.entitlements */ = {isa = PBXFileReference; lastKnownFileType = text.plist.entitlements; path = SwiftUIIntermediate.entitlements; sourceTree = "<group>"; };
		CC529CCC2CE3A292007236DA /* SwiftUIIntermediateApp.swift */ = {isa = PBXFileReference; lastKnownFileType = sourcecode.swift; path = SwiftUIIntermediateApp.swift; sourceTree = "<group>"; };
		CC529CD32CE3A315007236DA /* LongPressGestureBootcamp.swift */ = {isa = PBXFileReference; lastKnownFileType = sourcecode.swift; path = LongPressGestureBootcamp.swift; sourceTree = "<group>"; };
		CC529CD52CE3ACD4007236DA /* MagnificationGestureBootcamp.swift */ = {isa = PBXFileReference; lastKnownFileType = sourcecode.swift; path = MagnificationGestureBootcamp.swift; sourceTree = "<group>"; };
		CC529CD72CE3AEE5007236DA /* RotationGestureBootcamp.swift */ = {isa = PBXFileReference; lastKnownFileType = sourcecode.swift; path = RotationGestureBootcamp.swift; sourceTree = "<group>"; };
		CC529CD92CE3B35E007236DA /* DragGestureBootcamp.swift */ = {isa = PBXFileReference; lastKnownFileType = sourcecode.swift; path = DragGestureBootcamp.swift; sourceTree = "<group>"; };
		CC5697A52CEA223D003F5727 /* CoreDataBootcamp.swift */ = {isa = PBXFileReference; lastKnownFileType = sourcecode.swift; path = CoreDataBootcamp.swift; sourceTree = "<group>"; };
		CC5697A92CEA23F6003F5727 /* ItemsContainer.xcdatamodel */ = {isa = PBXFileReference; lastKnownFileType = wrapper.xcdatamodel; path = ItemsContainer.xcdatamodel; sourceTree = "<group>"; };
		CC7E12382CEDEB900036696B /* EscapingBootcamp.swift */ = {isa = PBXFileReference; lastKnownFileType = sourcecode.swift; path = EscapingBootcamp.swift; sourceTree = "<group>"; };
		CC7E123A2CEDF35C0036696B /* CodableBootcamp.swift */ = {isa = PBXFileReference; lastKnownFileType = sourcecode.swift; path = CodableBootcamp.swift; sourceTree = "<group>"; };
		CC9C0DAB2CEFAB8900556F12 /* FileManagerBootcamp.swift */ = {isa = PBXFileReference; lastKnownFileType = sourcecode.swift; path = FileManagerBootcamp.swift; sourceTree = "<group>"; };
		CCA13A912CE66A1D0036F95A /* MultipleSheetsBootcamp.swift */ = {isa = PBXFileReference; lastKnownFileType = sourcecode.swift; path = MultipleSheetsBootcamp.swift; sourceTree = "<group>"; };
		CCA13A932CE66D520036F95A /* MaskBootcamp.swift */ = {isa = PBXFileReference; lastKnownFileType = sourcecode.swift; path = MaskBootcamp.swift; sourceTree = "<group>"; };
		CCA13A952CE6784A0036F95A /* SoundsBootcamp.swift */ = {isa = PBXFileReference; lastKnownFileType = sourcecode.swift; path = SoundsBootcamp.swift; sourceTree = "<group>"; };
		CCA13A982CE67C880036F95A /* sound.mp3 */ = {isa = PBXFileReference; lastKnownFileType = audio.mp3; path = sound.mp3; sourceTree = "<group>"; };
		CCA9760D2CEBD6A200F6D98A /* RelationshipsBootcamp.swift */ = {isa = PBXFileReference; lastKnownFileType = sourcecode.swift; path = RelationshipsBootcamp.swift; sourceTree = "<group>"; };
		CCA976102CEBD6F000F6D98A /* TeamsContainer.xcdatamodel */ = {isa = PBXFileReference; lastKnownFileType = wrapper.xcdatamodel; path = TeamsContainer.xcdatamodel; sourceTree = "<group>"; };
		CCB0F7FB2CE8EF4E000538D7 /* HapticsBootcamp.swift */ = {isa = PBXFileReference; lastKnownFileType = sourcecode.swift; path = HapticsBootcamp.swift; sourceTree = "<group>"; };
		CCB0F7FD2CE9100D000538D7 /* LocalNotificationBootcamp.swift */ = {isa = PBXFileReference; lastKnownFileType = sourcecode.swift; path = LocalNotificationBootcamp.swift; sourceTree = "<group>"; };
		CCEC53712CEF3BBB004BCD41 /* TimerBootcamp.swift */ = {isa = PBXFileReference; lastKnownFileType = sourcecode.swift; path = TimerBootcamp.swift; sourceTree = "<group>"; };
		CCEC53732CEF4376004BCD41 /* CombineBootcamp.swift */ = {isa = PBXFileReference; lastKnownFileType = sourcecode.swift; path = CombineBootcamp.swift; sourceTree = "<group>"; };
/* End PBXFileReference section */

/* Begin PBXFrameworksBuildPhase section */
		CC529CB22CE3A272007236DA /* Frameworks */ = {
			isa = PBXFrameworksBuildPhase;
			buildActionMask = 2147483647;
			files = (
			);
			runOnlyForDeploymentPostprocessing = 0;
		};
/* End PBXFrameworksBuildPhase section */

/* Begin PBXGroup section */
		CC529CAC2CE3A272007236DA = {
			isa = PBXGroup;
			children = (
				CC529CCD2CE3A292007236DA /* SwiftUIIntermediate */,
				CC529CB62CE3A272007236DA /* Products */,
			);
			sourceTree = "<group>";
		};
		CC529CB62CE3A272007236DA /* Products */ = {
			isa = PBXGroup;
			children = (
				CC529CB52CE3A272007236DA /* SwiftUIIntermediate.app */,
			);
			name = Products;
			sourceTree = "<group>";
		};
		CC529CC82CE3A292007236DA /* Preview Content */ = {
			isa = PBXGroup;
			children = (
				CC529CC72CE3A292007236DA /* Preview Assets.xcassets */,
			);
			path = "Preview Content";
			sourceTree = "<group>";
		};
		CC529CCD2CE3A292007236DA /* SwiftUIIntermediate */ = {
			isa = PBXGroup;
			children = (
				CC529CD22CE3A29F007236DA /* Bootcamps */,
				CC5697A72CEA2273003F5727 /* Others */,
				CC529CC82CE3A292007236DA /* Preview Content */,
				CCA13A972CE67C530036F95A /* Sounds */,
				CC529CC92CE3A292007236DA /* Assets.xcassets */,
				CC529CCB2CE3A292007236DA /* SwiftUIIntermediate.entitlements */,
				CC529CCC2CE3A292007236DA /* SwiftUIIntermediateApp.swift */,
			);
			path = SwiftUIIntermediate;
			sourceTree = "<group>";
		};
		CC529CD22CE3A29F007236DA /* Bootcamps */ = {
			isa = PBXGroup;
			children = (
				CC529CD32CE3A315007236DA /* LongPressGestureBootcamp.swift */,
				CC529CD52CE3ACD4007236DA /* MagnificationGestureBootcamp.swift */,
				CC529CD72CE3AEE5007236DA /* RotationGestureBootcamp.swift */,
				CC529CD92CE3B35E007236DA /* DragGestureBootcamp.swift */,
				CC1FF2172CE5311000F5AF60 /* ScrollViewReaderBootcamp.swift */,
				CC1FF2192CE5366D00F5AF60 /* GeometryReaderBootcamp.swift */,
				CCA13A912CE66A1D0036F95A /* MultipleSheetsBootcamp.swift */,
				CCA13A932CE66D520036F95A /* MaskBootcamp.swift */,
				CCA13A952CE6784A0036F95A /* SoundsBootcamp.swift */,
				CCB0F7FB2CE8EF4E000538D7 /* HapticsBootcamp.swift */,
				CCB0F7FD2CE9100D000538D7 /* LocalNotificationBootcamp.swift */,
				CC4A9BDA2CF336A500169089 /* AlignmentGuideBootcamp.swift */,
				CC4A9BDC2CF33D1F00169089 /* VisualEffectBootcamp.swift */,
				CC4A9BDE2CF3422600169089 /* ScrollViewPagingBootcamp.swift */,
				CC36B4362CE9FB2700A0C1FD /* HashableBootcamp.swift */,
				CC5697A52CEA223D003F5727 /* CoreDataBootcamp.swift */,
				CCA9760D2CEBD6A200F6D98A /* RelationshipsBootcamp.swift */,
				CC1A43902CECDC9300A71680 /* ThreadsBootcamp.swift */,
				CC7E12382CEDEB900036696B /* EscapingBootcamp.swift */,
				CC7E123A2CEDF35C0036696B /* CodableBootcamp.swift */,
				CC256CBE2CEE75B1006D129F /* NetworkBootcamp.swift */,
				CCEC53712CEF3BBB004BCD41 /* TimerBootcamp.swift */,
				CCEC53732CEF4376004BCD41 /* CombineBootcamp.swift */,
				CC9C0DAB2CEFAB8900556F12 /* FileManagerBootcamp.swift */,
				CC131AB02CF253A400BB53BC /* NSCacheBootcamp.swift */,
			);
			path = Bootcamps;
			sourceTree = "<group>";
		};
		CC5697A72CEA2273003F5727 /* Others */ = {
			isa = PBXGroup;
			children = (
				CC5697A82CEA23F6003F5727 /* ItemsContainer.xcdatamodeld */,
				CCA9760F2CEBD6F000F6D98A /* TeamsContainer.xcdatamodeld */,
			);
			path = Others;
			sourceTree = "<group>";
		};
		CCA13A972CE67C530036F95A /* Sounds */ = {
			isa = PBXGroup;
			children = (
				CCA13A982CE67C880036F95A /* sound.mp3 */,
			);
			path = Sounds;
			sourceTree = "<group>";
		};
/* End PBXGroup section */

/* Begin PBXNativeTarget section */
		CC529CB42CE3A272007236DA /* SwiftUIIntermediate */ = {
			isa = PBXNativeTarget;
			buildConfigurationList = CC529CC42CE3A273007236DA /* Build configuration list for PBXNativeTarget "SwiftUIIntermediate" */;
			buildPhases = (
				CC529CB12CE3A272007236DA /* Sources */,
				CC529CB22CE3A272007236DA /* Frameworks */,
				CC529CB32CE3A272007236DA /* Resources */,
			);
			buildRules = (
			);
			dependencies = (
			);
			name = SwiftUIIntermediate;
			packageProductDependencies = (
			);
			productName = SwiftUIIntermediate;
			productReference = CC529CB52CE3A272007236DA /* SwiftUIIntermediate.app */;
			productType = "com.apple.product-type.application";
		};
/* End PBXNativeTarget section */

/* Begin PBXProject section */
		CC529CAD2CE3A272007236DA /* Project object */ = {
			isa = PBXProject;
			attributes = {
				BuildIndependentTargetsInParallel = 1;
				LastSwiftUpdateCheck = 1610;
				LastUpgradeCheck = 1610;
				TargetAttributes = {
					CC529CB42CE3A272007236DA = {
						CreatedOnToolsVersion = 16.1;
					};
				};
			};
			buildConfigurationList = CC529CB02CE3A272007236DA /* Build configuration list for PBXProject "SwiftUIIntermediate" */;
			developmentRegion = en;
			hasScannedForEncodings = 0;
			knownRegions = (
				en,
				Base,
			);
			mainGroup = CC529CAC2CE3A272007236DA;
			minimizedProjectReferenceProxies = 1;
			preferredProjectObjectVersion = 77;
			productRefGroup = CC529CB62CE3A272007236DA /* Products */;
			projectDirPath = "";
			projectRoot = "";
			targets = (
				CC529CB42CE3A272007236DA /* SwiftUIIntermediate */,
			);
		};
/* End PBXProject section */

/* Begin PBXResourcesBuildPhase section */
		CC529CB32CE3A272007236DA /* Resources */ = {
			isa = PBXResourcesBuildPhase;
			buildActionMask = 2147483647;
			files = (
				CC529CD02CE3A292007236DA /* Preview Assets.xcassets in Resources */,
				CCA13A992CE67C880036F95A /* sound.mp3 in Resources */,
				CC529CD12CE3A292007236DA /* Assets.xcassets in Resources */,
			);
			runOnlyForDeploymentPostprocessing = 0;
		};
/* End PBXResourcesBuildPhase section */

/* Begin PBXSourcesBuildPhase section */
		CC529CB12CE3A272007236DA /* Sources */ = {
			isa = PBXSourcesBuildPhase;
			buildActionMask = 2147483647;
			files = (
				CCA9760E2CEBD6A200F6D98A /* RelationshipsBootcamp.swift in Sources */,
				CC36B4372CE9FB2700A0C1FD /* HashableBootcamp.swift in Sources */,
				CC4A9BDF2CF3422600169089 /* ScrollViewPagingBootcamp.swift in Sources */,
				CCA13A962CE6784A0036F95A /* SoundsBootcamp.swift in Sources */,
				CC529CD82CE3AEE5007236DA /* RotationGestureBootcamp.swift in Sources */,
				CCEC53742CEF4376004BCD41 /* CombineBootcamp.swift in Sources */,
				CC5697AA2CEA23F6003F5727 /* ItemsContainer.xcdatamodeld in Sources */,
				CC529CD62CE3ACD4007236DA /* MagnificationGestureBootcamp.swift in Sources */,
				CC4A9BDD2CF33D1F00169089 /* VisualEffectBootcamp.swift in Sources */,
				CC1FF21A2CE5366D00F5AF60 /* GeometryReaderBootcamp.swift in Sources */,
				CC5697A62CEA223D003F5727 /* CoreDataBootcamp.swift in Sources */,
				CCA976112CEBD6F000F6D98A /* TeamsContainer.xcdatamodeld in Sources */,
				CC529CCF2CE3A292007236DA /* SwiftUIIntermediateApp.swift in Sources */,
				CC1A43912CECDC9300A71680 /* ThreadsBootcamp.swift in Sources */,
				CC9C0DAC2CEFAB8900556F12 /* FileManagerBootcamp.swift in Sources */,
				CC7E123B2CEDF35C0036696B /* CodableBootcamp.swift in Sources */,
				CCEC53722CEF3BBB004BCD41 /* TimerBootcamp.swift in Sources */,
				CC131AB12CF253A400BB53BC /* NSCacheBootcamp.swift in Sources */,
				CC256CBF2CEE75B1006D129F /* NetworkBootcamp.swift in Sources */,
				CCB0F7FE2CE9100D000538D7 /* LocalNotificationBootcamp.swift in Sources */,
				CCA13A922CE66A1D0036F95A /* MultipleSheetsBootcamp.swift in Sources */,
				CCB0F7FC2CE8EF4E000538D7 /* HapticsBootcamp.swift in Sources */,
				CC1FF2182CE5311100F5AF60 /* ScrollViewReaderBootcamp.swift in Sources */,
				CC529CD42CE3A315007236DA /* LongPressGestureBootcamp.swift in Sources */,
				CC7E12392CEDEB900036696B /* EscapingBootcamp.swift in Sources */,
				CCA13A942CE66D520036F95A /* MaskBootcamp.swift in Sources */,
				CC529CDA2CE3B35E007236DA /* DragGestureBootcamp.swift in Sources */,
				CC4A9BDB2CF336A500169089 /* AlignmentGuideBootcamp.swift in Sources */,
			);
			runOnlyForDeploymentPostprocessing = 0;
		};
/* End PBXSourcesBuildPhase section */

/* Begin XCBuildConfiguration section */
		CC529CC22CE3A273007236DA /* Debug */ = {
			isa = XCBuildConfiguration;
			buildSettings = {
				ALWAYS_SEARCH_USER_PATHS = NO;
				ASSETCATALOG_COMPILER_GENERATE_SWIFT_ASSET_SYMBOL_EXTENSIONS = YES;
				CLANG_ANALYZER_NONNULL = YES;
				CLANG_ANALYZER_NUMBER_OBJECT_CONVERSION = YES_AGGRESSIVE;
				CLANG_CXX_LANGUAGE_STANDARD = "gnu++20";
				CLANG_ENABLE_MODULES = YES;
				CLANG_ENABLE_OBJC_ARC = YES;
				CLANG_ENABLE_OBJC_WEAK = YES;
				CLANG_WARN_BLOCK_CAPTURE_AUTORELEASING = YES;
				CLANG_WARN_BOOL_CONVERSION = YES;
				CLANG_WARN_COMMA = YES;
				CLANG_WARN_CONSTANT_CONVERSION = YES;
				CLANG_WARN_DEPRECATED_OBJC_IMPLEMENTATIONS = YES;
				CLANG_WARN_DIRECT_OBJC_ISA_USAGE = YES_ERROR;
				CLANG_WARN_DOCUMENTATION_COMMENTS = YES;
				CLANG_WARN_EMPTY_BODY = YES;
				CLANG_WARN_ENUM_CONVERSION = YES;
				CLANG_WARN_INFINITE_RECURSION = YES;
				CLANG_WARN_INT_CONVERSION = YES;
				CLANG_WARN_NON_LITERAL_NULL_CONVERSION = YES;
				CLANG_WARN_OBJC_IMPLICIT_RETAIN_SELF = YES;
				CLANG_WARN_OBJC_LITERAL_CONVERSION = YES;
				CLANG_WARN_OBJC_ROOT_CLASS = YES_ERROR;
				CLANG_WARN_QUOTED_INCLUDE_IN_FRAMEWORK_HEADER = YES;
				CLANG_WARN_RANGE_LOOP_ANALYSIS = YES;
				CLANG_WARN_STRICT_PROTOTYPES = YES;
				CLANG_WARN_SUSPICIOUS_MOVE = YES;
				CLANG_WARN_UNGUARDED_AVAILABILITY = YES_AGGRESSIVE;
				CLANG_WARN_UNREACHABLE_CODE = YES;
				CLANG_WARN__DUPLICATE_METHOD_MATCH = YES;
				COPY_PHASE_STRIP = NO;
				DEBUG_INFORMATION_FORMAT = dwarf;
				ENABLE_STRICT_OBJC_MSGSEND = YES;
				ENABLE_TESTABILITY = YES;
				ENABLE_USER_SCRIPT_SANDBOXING = YES;
				GCC_C_LANGUAGE_STANDARD = gnu17;
				GCC_DYNAMIC_NO_PIC = NO;
				GCC_NO_COMMON_BLOCKS = YES;
				GCC_OPTIMIZATION_LEVEL = 0;
				GCC_PREPROCESSOR_DEFINITIONS = (
					"DEBUG=1",
					"$(inherited)",
				);
				GCC_WARN_64_TO_32_BIT_CONVERSION = YES;
				GCC_WARN_ABOUT_RETURN_TYPE = YES_ERROR;
				GCC_WARN_UNDECLARED_SELECTOR = YES;
				GCC_WARN_UNINITIALIZED_AUTOS = YES_AGGRESSIVE;
				GCC_WARN_UNUSED_FUNCTION = YES;
				GCC_WARN_UNUSED_VARIABLE = YES;
				LOCALIZATION_PREFERS_STRING_CATALOGS = YES;
				MTL_ENABLE_DEBUG_INFO = INCLUDE_SOURCE;
				MTL_FAST_MATH = YES;
				ONLY_ACTIVE_ARCH = YES;
				SWIFT_ACTIVE_COMPILATION_CONDITIONS = "DEBUG $(inherited)";
				SWIFT_OPTIMIZATION_LEVEL = "-Onone";
			};
			name = Debug;
		};
		CC529CC32CE3A273007236DA /* Release */ = {
			isa = XCBuildConfiguration;
			buildSettings = {
				ALWAYS_SEARCH_USER_PATHS = NO;
				ASSETCATALOG_COMPILER_GENERATE_SWIFT_ASSET_SYMBOL_EXTENSIONS = YES;
				CLANG_ANALYZER_NONNULL = YES;
				CLANG_ANALYZER_NUMBER_OBJECT_CONVERSION = YES_AGGRESSIVE;
				CLANG_CXX_LANGUAGE_STANDARD = "gnu++20";
				CLANG_ENABLE_MODULES = YES;
				CLANG_ENABLE_OBJC_ARC = YES;
				CLANG_ENABLE_OBJC_WEAK = YES;
				CLANG_WARN_BLOCK_CAPTURE_AUTORELEASING = YES;
				CLANG_WARN_BOOL_CONVERSION = YES;
				CLANG_WARN_COMMA = YES;
				CLANG_WARN_CONSTANT_CONVERSION = YES;
				CLANG_WARN_DEPRECATED_OBJC_IMPLEMENTATIONS = YES;
				CLANG_WARN_DIRECT_OBJC_ISA_USAGE = YES_ERROR;
				CLANG_WARN_DOCUMENTATION_COMMENTS = YES;
				CLANG_WARN_EMPTY_BODY = YES;
				CLANG_WARN_ENUM_CONVERSION = YES;
				CLANG_WARN_INFINITE_RECURSION = YES;
				CLANG_WARN_INT_CONVERSION = YES;
				CLANG_WARN_NON_LITERAL_NULL_CONVERSION = YES;
				CLANG_WARN_OBJC_IMPLICIT_RETAIN_SELF = YES;
				CLANG_WARN_OBJC_LITERAL_CONVERSION = YES;
				CLANG_WARN_OBJC_ROOT_CLASS = YES_ERROR;
				CLANG_WARN_QUOTED_INCLUDE_IN_FRAMEWORK_HEADER = YES;
				CLANG_WARN_RANGE_LOOP_ANALYSIS = YES;
				CLANG_WARN_STRICT_PROTOTYPES = YES;
				CLANG_WARN_SUSPICIOUS_MOVE = YES;
				CLANG_WARN_UNGUARDED_AVAILABILITY = YES_AGGRESSIVE;
				CLANG_WARN_UNREACHABLE_CODE = YES;
				CLANG_WARN__DUPLICATE_METHOD_MATCH = YES;
				COPY_PHASE_STRIP = NO;
				DEBUG_INFORMATION_FORMAT = "dwarf-with-dsym";
				ENABLE_NS_ASSERTIONS = NO;
				ENABLE_STRICT_OBJC_MSGSEND = YES;
				ENABLE_USER_SCRIPT_SANDBOXING = YES;
				GCC_C_LANGUAGE_STANDARD = gnu17;
				GCC_NO_COMMON_BLOCKS = YES;
				GCC_WARN_64_TO_32_BIT_CONVERSION = YES;
				GCC_WARN_ABOUT_RETURN_TYPE = YES_ERROR;
				GCC_WARN_UNDECLARED_SELECTOR = YES;
				GCC_WARN_UNINITIALIZED_AUTOS = YES_AGGRESSIVE;
				GCC_WARN_UNUSED_FUNCTION = YES;
				GCC_WARN_UNUSED_VARIABLE = YES;
				LOCALIZATION_PREFERS_STRING_CATALOGS = YES;
				MTL_ENABLE_DEBUG_INFO = NO;
				MTL_FAST_MATH = YES;
				SWIFT_COMPILATION_MODE = wholemodule;
			};
			name = Release;
		};
		CC529CC52CE3A273007236DA /* Debug */ = {
			isa = XCBuildConfiguration;
			buildSettings = {
				ASSETCATALOG_COMPILER_APPICON_NAME = AppIcon;
				ASSETCATALOG_COMPILER_GLOBAL_ACCENT_COLOR_NAME = AccentColor;
				CODE_SIGN_ENTITLEMENTS = SwiftUIIntermediate/SwiftUIIntermediate.entitlements;
				CODE_SIGN_STYLE = Automatic;
				CURRENT_PROJECT_VERSION = 1;
				DEVELOPMENT_ASSET_PATHS = "\"SwiftUIIntermediate/Preview Content\"";
				DEVELOPMENT_TEAM = NR623CSHB2;
				ENABLE_HARDENED_RUNTIME = YES;
				ENABLE_PREVIEWS = YES;
				GENERATE_INFOPLIST_FILE = YES;
				"INFOPLIST_KEY_UIApplicationSceneManifest_Generation[sdk=iphoneos*]" = YES;
				"INFOPLIST_KEY_UIApplicationSceneManifest_Generation[sdk=iphonesimulator*]" = YES;
				"INFOPLIST_KEY_UIApplicationSupportsIndirectInputEvents[sdk=iphoneos*]" = YES;
				"INFOPLIST_KEY_UIApplicationSupportsIndirectInputEvents[sdk=iphonesimulator*]" = YES;
				"INFOPLIST_KEY_UILaunchScreen_Generation[sdk=iphoneos*]" = YES;
				"INFOPLIST_KEY_UILaunchScreen_Generation[sdk=iphonesimulator*]" = YES;
				"INFOPLIST_KEY_UIStatusBarStyle[sdk=iphoneos*]" = UIStatusBarStyleDefault;
				"INFOPLIST_KEY_UIStatusBarStyle[sdk=iphonesimulator*]" = UIStatusBarStyleDefault;
				INFOPLIST_KEY_UISupportedInterfaceOrientations_iPad = "UIInterfaceOrientationPortrait UIInterfaceOrientationPortraitUpsideDown UIInterfaceOrientationLandscapeLeft UIInterfaceOrientationLandscapeRight";
				INFOPLIST_KEY_UISupportedInterfaceOrientations_iPhone = "UIInterfaceOrientationPortrait UIInterfaceOrientationLandscapeLeft UIInterfaceOrientationLandscapeRight";
				IPHONEOS_DEPLOYMENT_TARGET = 18.1;
				LD_RUNPATH_SEARCH_PATHS = "@executable_path/Frameworks";
				"LD_RUNPATH_SEARCH_PATHS[sdk=macosx*]" = "@executable_path/../Frameworks";
				MACOSX_DEPLOYMENT_TARGET = 15.0;
				MARKETING_VERSION = 1.0;
				PRODUCT_BUNDLE_IDENTIFIER = com.mykytakuzminov.SwiftUIIntermediate;
				PRODUCT_NAME = "$(TARGET_NAME)";
				SDKROOT = auto;
				SUPPORTED_PLATFORMS = "iphoneos iphonesimulator macosx xros xrsimulator";
				SWIFT_EMIT_LOC_STRINGS = YES;
				SWIFT_VERSION = 5.0;
				TARGETED_DEVICE_FAMILY = "1,2,7";
				XROS_DEPLOYMENT_TARGET = 2.1;
			};
			name = Debug;
		};
		CC529CC62CE3A273007236DA /* Release */ = {
			isa = XCBuildConfiguration;
			buildSettings = {
				ASSETCATALOG_COMPILER_APPICON_NAME = AppIcon;
				ASSETCATALOG_COMPILER_GLOBAL_ACCENT_COLOR_NAME = AccentColor;
				CODE_SIGN_ENTITLEMENTS = SwiftUIIntermediate/SwiftUIIntermediate.entitlements;
				CODE_SIGN_STYLE = Automatic;
				CURRENT_PROJECT_VERSION = 1;
				DEVELOPMENT_ASSET_PATHS = "\"SwiftUIIntermediate/Preview Content\"";
				DEVELOPMENT_TEAM = NR623CSHB2;
				ENABLE_HARDENED_RUNTIME = YES;
				ENABLE_PREVIEWS = YES;
				GENERATE_INFOPLIST_FILE = YES;
				"INFOPLIST_KEY_UIApplicationSceneManifest_Generation[sdk=iphoneos*]" = YES;
				"INFOPLIST_KEY_UIApplicationSceneManifest_Generation[sdk=iphonesimulator*]" = YES;
				"INFOPLIST_KEY_UIApplicationSupportsIndirectInputEvents[sdk=iphoneos*]" = YES;
				"INFOPLIST_KEY_UIApplicationSupportsIndirectInputEvents[sdk=iphonesimulator*]" = YES;
				"INFOPLIST_KEY_UILaunchScreen_Generation[sdk=iphoneos*]" = YES;
				"INFOPLIST_KEY_UILaunchScreen_Generation[sdk=iphonesimulator*]" = YES;
				"INFOPLIST_KEY_UIStatusBarStyle[sdk=iphoneos*]" = UIStatusBarStyleDefault;
				"INFOPLIST_KEY_UIStatusBarStyle[sdk=iphonesimulator*]" = UIStatusBarStyleDefault;
				INFOPLIST_KEY_UISupportedInterfaceOrientations_iPad = "UIInterfaceOrientationPortrait UIInterfaceOrientationPortraitUpsideDown UIInterfaceOrientationLandscapeLeft UIInterfaceOrientationLandscapeRight";
				INFOPLIST_KEY_UISupportedInterfaceOrientations_iPhone = "UIInterfaceOrientationPortrait UIInterfaceOrientationLandscapeLeft UIInterfaceOrientationLandscapeRight";
				IPHONEOS_DEPLOYMENT_TARGET = 18.1;
				LD_RUNPATH_SEARCH_PATHS = "@executable_path/Frameworks";
				"LD_RUNPATH_SEARCH_PATHS[sdk=macosx*]" = "@executable_path/../Frameworks";
				MACOSX_DEPLOYMENT_TARGET = 15.0;
				MARKETING_VERSION = 1.0;
				PRODUCT_BUNDLE_IDENTIFIER = com.mykytakuzminov.SwiftUIIntermediate;
				PRODUCT_NAME = "$(TARGET_NAME)";
				SDKROOT = auto;
				SUPPORTED_PLATFORMS = "iphoneos iphonesimulator macosx xros xrsimulator";
				SWIFT_EMIT_LOC_STRINGS = YES;
				SWIFT_VERSION = 5.0;
				TARGETED_DEVICE_FAMILY = "1,2,7";
				XROS_DEPLOYMENT_TARGET = 2.1;
			};
			name = Release;
		};
/* End XCBuildConfiguration section */

/* Begin XCConfigurationList section */
		CC529CB02CE3A272007236DA /* Build configuration list for PBXProject "SwiftUIIntermediate" */ = {
			isa = XCConfigurationList;
			buildConfigurations = (
				CC529CC22CE3A273007236DA /* Debug */,
				CC529CC32CE3A273007236DA /* Release */,
			);
			defaultConfigurationIsVisible = 0;
			defaultConfigurationName = Release;
		};
		CC529CC42CE3A273007236DA /* Build configuration list for PBXNativeTarget "SwiftUIIntermediate" */ = {
			isa = XCConfigurationList;
			buildConfigurations = (
				CC529CC52CE3A273007236DA /* Debug */,
				CC529CC62CE3A273007236DA /* Release */,
			);
			defaultConfigurationIsVisible = 0;
			defaultConfigurationName = Release;
		};
/* End XCConfigurationList section */

/* Begin XCVersionGroup section */
		CC5697A82CEA23F6003F5727 /* ItemsContainer.xcdatamodeld */ = {
			isa = XCVersionGroup;
			children = (
				CC5697A92CEA23F6003F5727 /* ItemsContainer.xcdatamodel */,
			);
			currentVersion = CC5697A92CEA23F6003F5727 /* ItemsContainer.xcdatamodel */;
			path = ItemsContainer.xcdatamodeld;
			sourceTree = "<group>";
			versionGroupType = wrapper.xcdatamodel;
		};
		CCA9760F2CEBD6F000F6D98A /* TeamsContainer.xcdatamodeld */ = {
			isa = XCVersionGroup;
			children = (
				CCA976102CEBD6F000F6D98A /* TeamsContainer.xcdatamodel */,
			);
			currentVersion = CCA976102CEBD6F000F6D98A /* TeamsContainer.xcdatamodel */;
			path = TeamsContainer.xcdatamodeld;
			sourceTree = "<group>";
			versionGroupType = wrapper.xcdatamodel;
		};
/* End XCVersionGroup section */
	};
	rootObject = CC529CAD2CE3A272007236DA /* Project object */;
}
